# THIS IS AN AUTOGENERATED FILE. DO NOT EDIT THIS FILE DIRECTLY.
# yarn lockfile v1


async@^1.5.2:
  version "1.5.2"
  resolved "http://registry.npm.taobao.org/async/download/async-1.5.2.tgz#ec6a61ae56480c0c3cb241c95618e20892f9672a"

lodash@^4.5.1:
  version "4.17.4"
  resolved "http://registry.npm.taobao.org/lodash/download/lodash-4.17.4.tgz#78203a4d1c328ae1d86dca6460e369b57f4055ae"

log@^1.4.0:
  version "1.4.0"
  resolved "http://registry.npm.taobao.org/log/download/log-1.4.0.tgz#4ba1d890fde249b031dca03bc37eaaf325656f1c"
